
Microsoft Visual Studio Solution File, Format Version 12.00
# Visual Studio 15
VisualStudioVersion = 15.0.26430.13
MinimumVisualStudioVersion = 10.0.40219.1
Project("{FAE04EC0-301F-11D3-BF4B-00C04F79EFBC}") = "PublishingSite.Web", "PublishingSite.Web\PublishingSite.Web.csproj", "{382B7A9B-C4F5-4C1F-8F23-ACDC39E17ED0}"
EndProject
Project("{FAE04EC0-301F-11D3-BF4B-00C04F79EFBC}") = "PublishingSite.Model", "PublishingSite.Model\PublishingSite.Model.csproj", "{B9147483-482A-405A-8D0D-63F230746B1A}"
EndProject
Global
	GlobalSection(SolutionConfigurationPlatforms) = preSolution
		Debug|Any CPU = Debug|Any CPU
		Release|Any CPU = Release|Any CPU
	EndGlobalSection
	GlobalSection(ProjectConfigurationPlatforms) = postSolution
		{382B7A9B-C4F5-4C1F-8F23-ACDC39E17ED0}.Debug|Any CPU.ActiveCfg = Debug|Any CPU
		{382B7A9B-C4F5-4C1F-8F23-ACDC39E17ED0}.Debug|Any CPU.Build.0 = Debug|Any CPU
		{382B7A9B-C4F5-4C1F-8F23-ACDC39E17ED0}.Release|Any CPU.ActiveCfg = Release|Any CPU
		{382B7A9B-C4F5-4C1F-8F23-ACDC39E17ED0}.Release|Any CPU.Build.0 = Release|Any CPU
		{B9147483-482A-405A-8D0D-63F230746B1A}.Debug|Any CPU.ActiveCfg = Debug|Any CPU
		{B9147483-482A-405A-8D0D-63F230746B1A}.Debug|Any CPU.Build.0 = Debug|Any CPU
		{B9147483-482A-405A-8D0D-63F230746B1A}.Release|Any CPU.ActiveCfg = Release|Any CPU
		{B9147483-482A-405A-8D0D-63F230746B1A}.Release|Any CPU.Build.0 = Release|Any CPU
	EndGlobalSection
	GlobalSection(SolutionProperties) = preSolution
		HideSolutionNode = FALSE
	EndGlobalSection
EndGlobal
